
Microsoft Visual Studio Solution File, Format Version 12.00
# Visual Studio 15
VisualStudioVersion = 15.0.27703.2042
MinimumVisualStudioVersion = 10.0.40219.1
Project("{9A19103F-16F7-4668-BE54-9A1E7A4F7556}") = "AoMAPI", "TodoApi\AoMAPI.csproj", "{84E8DD9C-6A98-476E-8D60-EDFB033235B2}"
EndProject
Global
	GlobalSection(SolutionConfigurationPlatforms) = preSolution
		Debug|Any CPU = Debug|Any CPU
		Release|Any CPU = Release|Any CPU
	EndGlobalSection
	GlobalSection(ProjectConfigurationPlatforms) = postSolution
		{84E8DD9C-6A98-476E-8D60-EDFB033235B2}.Debug|Any CPU.ActiveCfg = Debug|Any CPU
		{84E8DD9C-6A98-476E-8D60-EDFB033235B2}.Debug|Any CPU.Build.0 = Debug|Any CPU
		{84E8DD9C-6A98-476E-8D60-EDFB033235B2}.Release|Any CPU.ActiveCfg = Release|Any CPU
		{84E8DD9C-6A98-476E-8D60-EDFB033235B2}.Release|Any CPU.Build.0 = Release|Any CPU
	EndGlobalSection
	GlobalSection(SolutionProperties) = preSolution
		HideSolutionNode = FALSE
	EndGlobalSection
	GlobalSection(ExtensibilityGlobals) = postSolution
		SolutionGuid = {4AB59F80-9509-438E-8325-8DE0C34C3B5D}
	EndGlobalSection
EndGlobal
